
Microsoft Visual Studio Solution File, Format Version 11.00
# Visual Basic Express 2010
Project("{F184B08F-C81C-45F6-A57F-5ABD9991F28F}") = "FreqAnalizer", "FreqAnalizer\FreqAnalizer.vbproj", "{59E09FA1-108D-446A-8ACC-C147AC381116}"
EndProject
Global
	GlobalSection(SolutionConfigurationPlatforms) = preSolution
		Debug|Any CPU = Debug|Any CPU
		Release|Any CPU = Release|Any CPU
	EndGlobalSection
	GlobalSection(ProjectConfigurationPlatforms) = postSolution
		{59E09FA1-108D-446A-8ACC-C147AC381116}.Debug|Any CPU.ActiveCfg = Debug|Any CPU
		{59E09FA1-108D-446A-8ACC-C147AC381116}.Debug|Any CPU.Build.0 = Debug|Any CPU
		{59E09FA1-108D-446A-8ACC-C147AC381116}.Release|Any CPU.ActiveCfg = Release|Any CPU
		{59E09FA1-108D-446A-8ACC-C147AC381116}.Release|Any CPU.Build.0 = Release|Any CPU
	EndGlobalSection
	GlobalSection(SolutionProperties) = preSolution
		HideSolutionNode = FALSE
	EndGlobalSection
EndGlobal
